schema: '2.0'
stages:
  featurize:
    cmd: python scripts\featurization.py data\acidenteambiental.csv data\features
    deps:
    - path: data/acidenteambiental.csv
      hash: md5
      md5: 5791e016234dce302206d15b8f19bed8
      size: 1854027
    - path: scripts/featurization.py
      hash: md5
      md5: b8b4280a3a852516258cb2753a529e07
      size: 3645
    params:
      params.yaml:
        featurize.seed: 12345
        featurize.split_test: 0.3
        featurize.split_val: 0.2
    outs:
    - path: data\features
      hash: md5
      md5: 471001f3c764e2caf622d72353fef64f.dir
      size: 1247866
      nfiles: 3
  train_tree:
    cmd: python scripts\train_tree.py data\features models
    deps:
    - path: data\features
      hash: md5
      md5: 471001f3c764e2caf622d72353fef64f.dir
      size: 1247866
      nfiles: 3
    - path: scripts\train_tree.py
      hash: md5
      md5: 3396eb490c3ed86e6946a5788164be44
      size: 1161
    params:
      params.yaml:
        train_tree.cv: 5
    outs:
    - path: models\clf_tree.pkl
      hash: md5
      md5: 50eedae8012ad533981d52e24b4eec8d
      size: 2815
  train_svm:
    cmd: python scripts\train_svm.py data\features models
    deps:
    - path: data\features
      hash: md5
      md5: 471001f3c764e2caf622d72353fef64f.dir
      size: 1247866
      nfiles: 3
    - path: scripts\train_svm.py
      hash: md5
      md5: c1bd2087a302c21cb33d49fae1fc9475
      size: 824
    params:
      params.yaml:
        train_svm.C: 5
        train_svm.gamma: 0.1
    outs:
    - path: models\clf_svm.pkl
      hash: md5
      md5: 4985fe68cf12d54422d7988bf2daff7b
      size: 257027
  train_nn:
    cmd: python scripts\train_nn.py data\features models
    deps:
    - path: data\features
      hash: md5
      md5: 471001f3c764e2caf622d72353fef64f.dir
      size: 1247866
      nfiles: 3
    - path: scripts\train_nn.py
      hash: md5
      md5: 3a5cb4291ceb2594c3d34e5b64eea6d9
      size: 1388
    params:
      params.yaml:
        train_nn.bs: 1024
        train_nn.epochs: 500
        train_nn.lr: 0.01
    outs:
    - path: models\clf_nn.pkl
      hash: md5
      md5: 70d6964a93d4f2c5b96ae85cfa362309
      size: 28146
  evaluate_tree:
    cmd: python scripts/evaluate_tree.py data/features models/clf_tree.pkl
    deps:
    - path: data/features
      hash: md5
      md5: 471001f3c764e2caf622d72353fef64f.dir
      size: 1247866
      nfiles: 3
    - path: models/clf_tree.pkl
      hash: md5
      md5: 50eedae8012ad533981d52e24b4eec8d
      size: 2815
    - path: scripts/evaluate_tree.py
      hash: md5
      md5: 69e8e0bae19d5463aa74593ea68a5064
      size: 2429
  evaluate_svm:
    cmd: python scripts/evaluate_svm.py data/features models/clf_svm.pkl
    deps:
    - path: data/features
      hash: md5
      md5: 471001f3c764e2caf622d72353fef64f.dir
      size: 1247866
      nfiles: 3
    - path: models/clf_svm.pkl
      hash: md5
      md5: 4985fe68cf12d54422d7988bf2daff7b
      size: 257027
    - path: scripts/evaluate_svm.py
      hash: md5
      md5: 3d4af78a7105e033741280b08e7d0d65
      size: 1351
  evaluate_nn:
    cmd: python scripts/evaluate_nn.py data/features models/clf_nn.pkl
    deps:
    - path: data/features
      hash: md5
      md5: 471001f3c764e2caf622d72353fef64f.dir
      size: 1247866
      nfiles: 3
    - path: models/clf_nn.pkl
      hash: md5
      md5: 70d6964a93d4f2c5b96ae85cfa362309
      size: 28146
    - path: scripts/evaluate_nn.py
      hash: md5
      md5: 178847967c1977b08432b18bba18fa57
      size: 1739
